
Microsoft Visual Studio Solution File, Format Version 12.00
# Visual Studio 15
VisualStudioVersion = 15.0.27130.2026
MinimumVisualStudioVersion = 10.0.40219.1
Project("{9A19103F-16F7-4668-BE54-9A1E7A4F7556}") = "PlebBot", "PlebBot\PlebBot.csproj", "{5C24750D-DC15-4D7E-8305-6E20081888A3}"
EndProject
Project("{9A19103F-16F7-4668-BE54-9A1E7A4F7556}") = "PlebBot.Data", "PlebBot.Data\PlebBot.Data.csproj", "{7912C2BB-83D0-459F-A19C-F1512FF7EFD3}"
EndProject
Project("{FAE04EC0-301F-11D3-BF4B-00C04F79EFBC}") = "PlebBot.Tests", "PlebBot.Tests\PlebBot.Tests.csproj", "{4AD73E52-6943-4F35-906C-276B12643532}"
EndProject
Global
	GlobalSection(SolutionConfigurationPlatforms) = preSolution
		Debug|Any CPU = Debug|Any CPU
		Release|Any CPU = Release|Any CPU
	EndGlobalSection
	GlobalSection(ProjectConfigurationPlatforms) = postSolution
		{5C24750D-DC15-4D7E-8305-6E20081888A3}.Debug|Any CPU.ActiveCfg = Debug|Any CPU
		{5C24750D-DC15-4D7E-8305-6E20081888A3}.Debug|Any CPU.Build.0 = Debug|Any CPU
		{5C24750D-DC15-4D7E-8305-6E20081888A3}.Release|Any CPU.ActiveCfg = Release|Any CPU
		{5C24750D-DC15-4D7E-8305-6E20081888A3}.Release|Any CPU.Build.0 = Release|Any CPU
		{7912C2BB-83D0-459F-A19C-F1512FF7EFD3}.Debug|Any CPU.ActiveCfg = Debug|Any CPU
		{7912C2BB-83D0-459F-A19C-F1512FF7EFD3}.Debug|Any CPU.Build.0 = Debug|Any CPU
		{7912C2BB-83D0-459F-A19C-F1512FF7EFD3}.Release|Any CPU.ActiveCfg = Release|Any CPU
		{7912C2BB-83D0-459F-A19C-F1512FF7EFD3}.Release|Any CPU.Build.0 = Release|Any CPU
		{4AD73E52-6943-4F35-906C-276B12643532}.Debug|Any CPU.ActiveCfg = Debug|Any CPU
		{4AD73E52-6943-4F35-906C-276B12643532}.Debug|Any CPU.Build.0 = Debug|Any CPU
		{4AD73E52-6943-4F35-906C-276B12643532}.Release|Any CPU.ActiveCfg = Release|Any CPU
		{4AD73E52-6943-4F35-906C-276B12643532}.Release|Any CPU.Build.0 = Release|Any CPU
	EndGlobalSection
	GlobalSection(SolutionProperties) = preSolution
		HideSolutionNode = FALSE
	EndGlobalSection
	GlobalSection(ExtensibilityGlobals) = postSolution
		SolutionGuid = {E40E6BF1-DB26-42AF-B503-05157BA07413}
	EndGlobalSection
EndGlobal
